
Microsoft Visual Studio Solution File, Format Version 12.00
# Visual Studio Version 17
VisualStudioVersion = 17.7.34024.191
MinimumVisualStudioVersion = 10.0.40219.1
Project("{FAE04EC0-301F-11D3-BF4B-00C04F79EFBC}") = "DVLD_Presentation", "..\DVLD_Presentation\DVLD_Presentation.csproj", "{3C4E1B10-924D-4F56-9BD7-A5400CE29CF8}"
EndProject
Project("{FAE04EC0-301F-11D3-BF4B-00C04F79EFBC}") = "DVLD_Business", "..\DVLD_Business\DVLD_Business.csproj", "{BA4E25A6-1BFB-467E-8029-41A7E00947B3}"
EndProject
Project("{FAE04EC0-301F-11D3-BF4B-00C04F79EFBC}") = "DVLD_DataAccess", "..\DVLD_DataAccess\DVLD_DataAccess.csproj", "{80174B92-CB77-4C97-B413-53A04133D578}"
EndProject
Global
	GlobalSection(SolutionConfigurationPlatforms) = preSolution
		Debug|Any CPU = Debug|Any CPU
		Release|Any CPU = Release|Any CPU
	EndGlobalSection
	GlobalSection(ProjectConfigurationPlatforms) = postSolution
		{3C4E1B10-924D-4F56-9BD7-A5400CE29CF8}.Debug|Any CPU.ActiveCfg = Debug|Any CPU
		{3C4E1B10-924D-4F56-9BD7-A5400CE29CF8}.Debug|Any CPU.Build.0 = Debug|Any CPU
		{3C4E1B10-924D-4F56-9BD7-A5400CE29CF8}.Release|Any CPU.ActiveCfg = Release|Any CPU
		{3C4E1B10-924D-4F56-9BD7-A5400CE29CF8}.Release|Any CPU.Build.0 = Release|Any CPU
		{BA4E25A6-1BFB-467E-8029-41A7E00947B3}.Debug|Any CPU.ActiveCfg = Debug|Any CPU
		{BA4E25A6-1BFB-467E-8029-41A7E00947B3}.Debug|Any CPU.Build.0 = Debug|Any CPU
		{BA4E25A6-1BFB-467E-8029-41A7E00947B3}.Release|Any CPU.ActiveCfg = Release|Any CPU
		{BA4E25A6-1BFB-467E-8029-41A7E00947B3}.Release|Any CPU.Build.0 = Release|Any CPU
		{80174B92-CB77-4C97-B413-53A04133D578}.Debug|Any CPU.ActiveCfg = Debug|Any CPU
		{80174B92-CB77-4C97-B413-53A04133D578}.Debug|Any CPU.Build.0 = Debug|Any CPU
		{80174B92-CB77-4C97-B413-53A04133D578}.Release|Any CPU.ActiveCfg = Release|Any CPU
		{80174B92-CB77-4C97-B413-53A04133D578}.Release|Any CPU.Build.0 = Release|Any CPU
	EndGlobalSection
	GlobalSection(SolutionProperties) = preSolution
		HideSolutionNode = FALSE
	EndGlobalSection
	GlobalSection(ExtensibilityGlobals) = postSolution
		SolutionGuid = {F5A5647D-29C4-4F13-AC0E-9E2E4962A618}
	EndGlobalSection
EndGlobal
